// !$*UTF8*$!
{
	archiveVersion = 1;
	classes = {
	};
	objectVersion = 77;
	objects = {

/* Begin PBXBuildFile section */
		100000000000000000000001 /* expensesApp.swift in Sources */ = {isa = PBXBuildFile; fileRef = 100000000000000000000011 /* expensesApp.swift */; };
		100000000000000000000002 /* Expense.swift in Sources */ = {isa = PBXBuildFile; fileRef = 100000000000000000000012 /* Expense.swift */; };
		100000000000000000000003 /* DashboardView.swift in Sources */ = {isa = PBXBuildFile; fileRef = 100000000000000000000013 /* DashboardView.swift */; };
		100000000000000000000004 /* ExpenseListView.swift in Sources */ = {isa = PBXBuildFile; fileRef = 100000000000000000000014 /* ExpenseListView.swift */; };
		100000000000000000000005 /* AddExpenseView.swift in Sources */ = {isa = PBXBuildFile; fileRef = 100000000000000000000015 /* AddExpenseView.swift */; };
		100000000000000000000006 /* EditExpenseView.swift in Sources */ = {isa = PBXBuildFile; fileRef = 100000000000000000000016 /* EditExpenseView.swift */; };
		100000000000000000000007 /* ExpenseFormViewModel.swift in Sources */ = {isa = PBXBuildFile; fileRef = 100000000000000000000017 /* ExpenseFormViewModel.swift */; };
		100000000000000000000008 /* ExpenseListViewModel.swift in Sources */ = {isa = PBXBuildFile; fileRef = 100000000000000000000018 /* ExpenseListViewModel.swift */; };
		100000000000000000000009 /* DashboardViewModel.swift in Sources */ = {isa = PBXBuildFile; fileRef = 100000000000000000000019 /* DashboardViewModel.swift */; };
		1000000000000000000000A1 /* Currency.swift in Sources */ = {isa = PBXBuildFile; fileRef = 1000000000000000000000B1 /* Currency.swift */; };
		1000000000000000000000A2 /* ExchangeRate.swift in Sources */ = {isa = PBXBuildFile; fileRef = 1000000000000000000000B2 /* ExchangeRate.swift */; };
		1000000000000000000000A3 /* CurrencyViewModel.swift in Sources */ = {isa = PBXBuildFile; fileRef = 1000000000000000000000B3 /* CurrencyViewModel.swift */; };
		1000000000000000000000A4 /* ExchangeRateViewModel.swift in Sources */ = {isa = PBXBuildFile; fileRef = 1000000000000000000000B4 /* ExchangeRateViewModel.swift */; };
		1000000000000000000000A5 /* CurrencySettingsView.swift in Sources */ = {isa = PBXBuildFile; fileRef = 1000000000000000000000B5 /* CurrencySettingsView.swift */; };
		1000000000000000000000A6 /* Income.swift in Sources */ = {isa = PBXBuildFile; fileRef = 1000000000000000000000B6 /* Income.swift */; };
		1000000000000000000000A7 /* IncomeFormViewModel.swift in Sources */ = {isa = PBXBuildFile; fileRef = 1000000000000000000000B7 /* IncomeFormViewModel.swift */; };
		1000000000000000000000A8 /* IncomeListViewModel.swift in Sources */ = {isa = PBXBuildFile; fileRef = 1000000000000000000000B8 /* IncomeListViewModel.swift */; };
		1000000000000000000000A9 /* AddIncomeView.swift in Sources */ = {isa = PBXBuildFile; fileRef = 1000000000000000000000B9 /* AddIncomeView.swift */; };
		1000000000000000000000AA /* EditIncomeView.swift in Sources */ = {isa = PBXBuildFile; fileRef = 1000000000000000000000BA /* EditIncomeView.swift */; };
		1000000000000000000000AB /* IncomeListView.swift in Sources */ = {isa = PBXBuildFile; fileRef = 1000000000000000000000BB /* IncomeListView.swift */; };
		1000000000000000000000AC /* Budget.swift in Sources */ = {isa = PBXBuildFile; fileRef = 1000000000000000000000BC /* Budget.swift */; };
		1000000000000000000000AD /* BudgetViewModel.swift in Sources */ = {isa = PBXBuildFile; fileRef = 1000000000000000000000BD /* BudgetViewModel.swift */; };
		1000000000000000000000AE /* BudgetListView.swift in Sources */ = {isa = PBXBuildFile; fileRef = 1000000000000000000000BE /* BudgetListView.swift */; };
		1000000000000000000000AF /* DesignSystem.swift in Sources */ = {isa = PBXBuildFile; fileRef = 1000000000000000000000BF /* DesignSystem.swift */; };
		1000000000000000000000C0 /* RecurringExpense.swift in Sources */ = {isa = PBXBuildFile; fileRef = 1000000000000000000000D0 /* RecurringExpense.swift */; };
		1000000000000000000000C1 /* RecurringExpenseViewModel.swift in Sources */ = {isa = PBXBuildFile; fileRef = 1000000000000000000000D1 /* RecurringExpenseViewModel.swift */; };
		1000000000000000000000C2 /* RecurringExpenseListView.swift in Sources */ = {isa = PBXBuildFile; fileRef = 1000000000000000000000D2 /* RecurringExpenseListView.swift */; };
		1000000000000000000000C3 /* RecurringIncome.swift in Sources */ = {isa = PBXBuildFile; fileRef = 1000000000000000000000D3 /* RecurringIncome.swift */; };
		1000000000000000000000C4 /* RecurringIncomeViewModel.swift in Sources */ = {isa = PBXBuildFile; fileRef = 1000000000000000000000D4 /* RecurringIncomeViewModel.swift */; };
		1000000000000000000000C5 /* RecurringIncomeListView.swift in Sources */ = {isa = PBXBuildFile; fileRef = 1000000000000000000000D5 /* RecurringIncomeListView.swift */; };
		1000000000000000000000C6 /* SyncReadinessService.swift in Sources */ = {isa = PBXBuildFile; fileRef = 1000000000000000000000D6 /* SyncReadinessService.swift */; };
		1000000000000000000000C7 /* SyncSettingsView.swift in Sources */ = {isa = PBXBuildFile; fileRef = 1000000000000000000000D7 /* SyncSettingsView.swift */; };
		1000000000000000000000C8 /* DataTransferService.swift in Sources */ = {isa = PBXBuildFile; fileRef = 1000000000000000000000D8 /* DataTransferService.swift */; };
		1000000000000000000000C9 /* DataManagementView.swift in Sources */ = {isa = PBXBuildFile; fileRef = 1000000000000000000000D9 /* DataManagementView.swift */; };
		1000000000000000000000CA /* Account.swift in Sources */ = {isa = PBXBuildFile; fileRef = 1000000000000000000000DA /* Account.swift */; };
		1000000000000000000000CB /* AccountViewModel.swift in Sources */ = {isa = PBXBuildFile; fileRef = 1000000000000000000000DB /* AccountViewModel.swift */; };
		1000000000000000000000CC /* NetWorthView.swift in Sources */ = {isa = PBXBuildFile; fileRef = 1000000000000000000000DC /* NetWorthView.swift */; };
		1000000000000000000000CD /* AccountImpactService.swift in Sources */ = {isa = PBXBuildFile; fileRef = 1000000000000000000000DD /* AccountImpactService.swift */; };
		1000000000000000000000CE /* AppPersistenceService.swift in Sources */ = {isa = PBXBuildFile; fileRef = 1000000000000000000000DE /* AppPersistenceService.swift */; };
		1000000000000000000000CF /* SavingsGoal.swift in Sources */ = {isa = PBXBuildFile; fileRef = 1000000000000000000000DF /* SavingsGoal.swift */; };
		1000000000000000000000E4 /* DailyReminderSettings.swift in Sources */ = {isa = PBXBuildFile; fileRef = 1000000000000000000000E0 /* DailyReminderSettings.swift */; };
		1000000000000000000000E5 /* AdvancedFeaturesViewModel.swift in Sources */ = {isa = PBXBuildFile; fileRef = 1000000000000000000000E1 /* AdvancedFeaturesViewModel.swift */; };
		1000000000000000000000E3 /* AdvancedFeaturesView.swift in Sources */ = {isa = PBXBuildFile; fileRef = 1000000000000000000000E2 /* AdvancedFeaturesView.swift */; };
		1000000000000000000000E6 /* AppSchema.swift in Sources */ = {isa = PBXBuildFile; fileRef = 1000000000000000000000E8 /* AppSchema.swift */; };
		1000000000000000000000E7 /* ReminderNotificationService.swift in Sources */ = {isa = PBXBuildFile; fileRef = 1000000000000000000000E9 /* ReminderNotificationService.swift */; };
		200000000000000000000001 /* ExpenseFormViewModelTests.swift in Sources */ = {isa = PBXBuildFile; fileRef = 200000000000000000000011 /* ExpenseFormViewModelTests.swift */; };
		200000000000000000000002 /* ExpenseListViewModelTests.swift in Sources */ = {isa = PBXBuildFile; fileRef = 200000000000000000000012 /* ExpenseListViewModelTests.swift */; };
		200000000000000000000003 /* DashboardViewModelTests.swift in Sources */ = {isa = PBXBuildFile; fileRef = 200000000000000000000013 /* DashboardViewModelTests.swift */; };
		200000000000000000000004 /* IncomeFormViewModelTests.swift in Sources */ = {isa = PBXBuildFile; fileRef = 200000000000000000000014 /* IncomeFormViewModelTests.swift */; };
		200000000000000000000005 /* BudgetViewModelTests.swift in Sources */ = {isa = PBXBuildFile; fileRef = 200000000000000000000015 /* BudgetViewModelTests.swift */; };
		200000000000000000000006 /* RecurringExpenseViewModelTests.swift in Sources */ = {isa = PBXBuildFile; fileRef = 200000000000000000000016 /* RecurringExpenseViewModelTests.swift */; };
		200000000000000000000007 /* RecurringIncomeViewModelTests.swift in Sources */ = {isa = PBXBuildFile; fileRef = 200000000000000000000017 /* RecurringIncomeViewModelTests.swift */; };
		200000000000000000000008 /* SyncReadinessServiceTests.swift in Sources */ = {isa = PBXBuildFile; fileRef = 200000000000000000000018 /* SyncReadinessServiceTests.swift */; };
		200000000000000000000009 /* IncomeListViewModelTests.swift in Sources */ = {isa = PBXBuildFile; fileRef = 200000000000000000000019 /* IncomeListViewModelTests.swift */; };
		20000000000000000000000A /* DataTransferServiceTests.swift in Sources */ = {isa = PBXBuildFile; fileRef = 20000000000000000000001A /* DataTransferServiceTests.swift */; };
		20000000000000000000000B /* AccountViewModelTests.swift in Sources */ = {isa = PBXBuildFile; fileRef = 20000000000000000000001B /* AccountViewModelTests.swift */; };
		20000000000000000000000C /* AccountImpactServiceTests.swift in Sources */ = {isa = PBXBuildFile; fileRef = 20000000000000000000001C /* AccountImpactServiceTests.swift */; };
		20000000000000000000000D /* SwiftDataModelTests.swift in Sources */ = {isa = PBXBuildFile; fileRef = 20000000000000000000001D /* SwiftDataModelTests.swift */; };
		20000000000000000000000E /* AppPersistenceServiceTests.swift in Sources */ = {isa = PBXBuildFile; fileRef = 20000000000000000000001E /* AppPersistenceServiceTests.swift */; };
		20000000000000000000000F /* AdvancedFeaturesViewModelTests.swift in Sources */ = {isa = PBXBuildFile; fileRef = 20000000000000000000001F /* AdvancedFeaturesViewModelTests.swift */; };
		200000000000000000000022 /* ReminderNotificationServiceTests.swift in Sources */ = {isa = PBXBuildFile; fileRef = 200000000000000000000021 /* ReminderNotificationServiceTests.swift */; };
		300000000000000000000001 /* expensesUITests.swift in Sources */ = {isa = PBXBuildFile; fileRef = 300000000000000000000011 /* expensesUITests.swift */; };
/* End PBXBuildFile section */

/* Begin PBXContainerItemProxy section */
		200000000000000000000070 /* PBXContainerItemProxy */ = {
			isa = PBXContainerItemProxy;
			containerPortal = 100000000000000000000070 /* Project object */;
			proxyType = 1;
			remoteGlobalIDString = 100000000000000000000040;
			remoteInfo = expenses;
		};
		300000000000000000000070 /* PBXContainerItemProxy */ = {
			isa = PBXContainerItemProxy;
			containerPortal = 100000000000000000000070 /* Project object */;
			proxyType = 1;
			remoteGlobalIDString = 100000000000000000000040;
			remoteInfo = expenses;
		};
/* End PBXContainerItemProxy section */

/* Begin PBXFileReference section */
		100000000000000000000010 /* expenses.app */ = {isa = PBXFileReference; explicitFileType = wrapper.application; includeInIndex = 0; path = expenses.app; sourceTree = BUILT_PRODUCTS_DIR; };
		100000000000000000000011 /* expensesApp.swift */ = {isa = PBXFileReference; lastKnownFileType = sourcecode.swift; path = expensesApp.swift; sourceTree = "<group>"; };
		100000000000000000000012 /* Expense.swift */ = {isa = PBXFileReference; lastKnownFileType = sourcecode.swift; path = Expense.swift; sourceTree = "<group>"; };
		100000000000000000000013 /* DashboardView.swift */ = {isa = PBXFileReference; lastKnownFileType = sourcecode.swift; path = DashboardView.swift; sourceTree = "<group>"; };
		100000000000000000000014 /* ExpenseListView.swift */ = {isa = PBXFileReference; lastKnownFileType = sourcecode.swift; path = ExpenseListView.swift; sourceTree = "<group>"; };
		100000000000000000000015 /* AddExpenseView.swift */ = {isa = PBXFileReference; lastKnownFileType = sourcecode.swift; path = AddExpenseView.swift; sourceTree = "<group>"; };
		100000000000000000000016 /* EditExpenseView.swift */ = {isa = PBXFileReference; lastKnownFileType = sourcecode.swift; path = EditExpenseView.swift; sourceTree = "<group>"; };
		100000000000000000000017 /* ExpenseFormViewModel.swift */ = {isa = PBXFileReference; lastKnownFileType = sourcecode.swift; path = ExpenseFormViewModel.swift; sourceTree = "<group>"; };
		100000000000000000000018 /* ExpenseListViewModel.swift */ = {isa = PBXFileReference; lastKnownFileType = sourcecode.swift; path = ExpenseListViewModel.swift; sourceTree = "<group>"; };
		100000000000000000000019 /* DashboardViewModel.swift */ = {isa = PBXFileReference; lastKnownFileType = sourcecode.swift; path = DashboardViewModel.swift; sourceTree = "<group>"; };
		1000000000000000000000B1 /* Currency.swift */ = {isa = PBXFileReference; lastKnownFileType = sourcecode.swift; path = Currency.swift; sourceTree = "<group>"; };
		1000000000000000000000B2 /* ExchangeRate.swift */ = {isa = PBXFileReference; lastKnownFileType = sourcecode.swift; path = ExchangeRate.swift; sourceTree = "<group>"; };
		1000000000000000000000B3 /* CurrencyViewModel.swift */ = {isa = PBXFileReference; lastKnownFileType = sourcecode.swift; path = CurrencyViewModel.swift; sourceTree = "<group>"; };
		1000000000000000000000B4 /* ExchangeRateViewModel.swift */ = {isa = PBXFileReference; lastKnownFileType = sourcecode.swift; path = ExchangeRateViewModel.swift; sourceTree = "<group>"; };
		1000000000000000000000B5 /* CurrencySettingsView.swift */ = {isa = PBXFileReference; lastKnownFileType = sourcecode.swift; path = CurrencySettingsView.swift; sourceTree = "<group>"; };
		1000000000000000000000B6 /* Income.swift */ = {isa = PBXFileReference; lastKnownFileType = sourcecode.swift; path = Income.swift; sourceTree = "<group>"; };
		1000000000000000000000B7 /* IncomeFormViewModel.swift */ = {isa = PBXFileReference; lastKnownFileType = sourcecode.swift; path = IncomeFormViewModel.swift; sourceTree = "<group>"; };
		1000000000000000000000B8 /* IncomeListViewModel.swift */ = {isa = PBXFileReference; lastKnownFileType = sourcecode.swift; path = IncomeListViewModel.swift; sourceTree = "<group>"; };
		1000000000000000000000B9 /* AddIncomeView.swift */ = {isa = PBXFileReference; lastKnownFileType = sourcecode.swift; path = AddIncomeView.swift; sourceTree = "<group>"; };
		1000000000000000000000BA /* EditIncomeView.swift */ = {isa = PBXFileReference; lastKnownFileType = sourcecode.swift; path = EditIncomeView.swift; sourceTree = "<group>"; };
		1000000000000000000000BB /* IncomeListView.swift */ = {isa = PBXFileReference; lastKnownFileType = sourcecode.swift; path = IncomeListView.swift; sourceTree = "<group>"; };
		1000000000000000000000BC /* Budget.swift */ = {isa = PBXFileReference; lastKnownFileType = sourcecode.swift; path = Budget.swift; sourceTree = "<group>"; };
		1000000000000000000000BD /* BudgetViewModel.swift */ = {isa = PBXFileReference; lastKnownFileType = sourcecode.swift; path = BudgetViewModel.swift; sourceTree = "<group>"; };
		1000000000000000000000BE /* BudgetListView.swift */ = {isa = PBXFileReference; lastKnownFileType = sourcecode.swift; path = BudgetListView.swift; sourceTree = "<group>"; };
		1000000000000000000000BF /* DesignSystem.swift */ = {isa = PBXFileReference; lastKnownFileType = sourcecode.swift; path = DesignSystem.swift; sourceTree = "<group>"; };
		1000000000000000000000D0 /* RecurringExpense.swift */ = {isa = PBXFileReference; lastKnownFileType = sourcecode.swift; path = RecurringExpense.swift; sourceTree = "<group>"; };
		1000000000000000000000D1 /* RecurringExpenseViewModel.swift */ = {isa = PBXFileReference; lastKnownFileType = sourcecode.swift; path = RecurringExpenseViewModel.swift; sourceTree = "<group>"; };
		1000000000000000000000D2 /* RecurringExpenseListView.swift */ = {isa = PBXFileReference; lastKnownFileType = sourcecode.swift; path = RecurringExpenseListView.swift; sourceTree = "<group>"; };
		1000000000000000000000D3 /* RecurringIncome.swift */ = {isa = PBXFileReference; lastKnownFileType = sourcecode.swift; path = RecurringIncome.swift; sourceTree = "<group>"; };
		1000000000000000000000D4 /* RecurringIncomeViewModel.swift */ = {isa = PBXFileReference; lastKnownFileType = sourcecode.swift; path = RecurringIncomeViewModel.swift; sourceTree = "<group>"; };
		1000000000000000000000D5 /* RecurringIncomeListView.swift */ = {isa = PBXFileReference; lastKnownFileType = sourcecode.swift; path = RecurringIncomeListView.swift; sourceTree = "<group>"; };
		1000000000000000000000D6 /* SyncReadinessService.swift */ = {isa = PBXFileReference; lastKnownFileType = sourcecode.swift; path = SyncReadinessService.swift; sourceTree = "<group>"; };
		1000000000000000000000D7 /* SyncSettingsView.swift */ = {isa = PBXFileReference; lastKnownFileType = sourcecode.swift; path = SyncSettingsView.swift; sourceTree = "<group>"; };
		1000000000000000000000D8 /* DataTransferService.swift */ = {isa = PBXFileReference; lastKnownFileType = sourcecode.swift; path = DataTransferService.swift; sourceTree = "<group>"; };
		1000000000000000000000D9 /* DataManagementView.swift */ = {isa = PBXFileReference; lastKnownFileType = sourcecode.swift; path = DataManagementView.swift; sourceTree = "<group>"; };
		1000000000000000000000DA /* Account.swift */ = {isa = PBXFileReference; lastKnownFileType = sourcecode.swift; path = Account.swift; sourceTree = "<group>"; };
		1000000000000000000000DB /* AccountViewModel.swift */ = {isa = PBXFileReference; lastKnownFileType = sourcecode.swift; path = AccountViewModel.swift; sourceTree = "<group>"; };
		1000000000000000000000DC /* NetWorthView.swift */ = {isa = PBXFileReference; lastKnownFileType = sourcecode.swift; path = NetWorthView.swift; sourceTree = "<group>"; };
		1000000000000000000000DD /* AccountImpactService.swift */ = {isa = PBXFileReference; lastKnownFileType = sourcecode.swift; path = AccountImpactService.swift; sourceTree = "<group>"; };
		1000000000000000000000DE /* AppPersistenceService.swift */ = {isa = PBXFileReference; lastKnownFileType = sourcecode.swift; path = AppPersistenceService.swift; sourceTree = "<group>"; };
		1000000000000000000000DF /* SavingsGoal.swift */ = {isa = PBXFileReference; lastKnownFileType = sourcecode.swift; path = SavingsGoal.swift; sourceTree = "<group>"; };
		1000000000000000000000E0 /* DailyReminderSettings.swift */ = {isa = PBXFileReference; lastKnownFileType = sourcecode.swift; path = DailyReminderSettings.swift; sourceTree = "<group>"; };
		1000000000000000000000E1 /* AdvancedFeaturesViewModel.swift */ = {isa = PBXFileReference; lastKnownFileType = sourcecode.swift; path = AdvancedFeaturesViewModel.swift; sourceTree = "<group>"; };
		1000000000000000000000E2 /* AdvancedFeaturesView.swift */ = {isa = PBXFileReference; lastKnownFileType = sourcecode.swift; path = AdvancedFeaturesView.swift; sourceTree = "<group>"; };
		1000000000000000000000E8 /* AppSchema.swift */ = {isa = PBXFileReference; lastKnownFileType = sourcecode.swift; path = AppSchema.swift; sourceTree = "<group>"; };
		1000000000000000000000E9 /* ReminderNotificationService.swift */ = {isa = PBXFileReference; lastKnownFileType = sourcecode.swift; path = ReminderNotificationService.swift; sourceTree = "<group>"; };
		200000000000000000000010 /* expensesTests.xctest */ = {isa = PBXFileReference; explicitFileType = wrapper.cfbundle; includeInIndex = 0; path = expensesTests.xctest; sourceTree = BUILT_PRODUCTS_DIR; };
		200000000000000000000011 /* ExpenseFormViewModelTests.swift */ = {isa = PBXFileReference; lastKnownFileType = sourcecode.swift; path = ExpenseFormViewModelTests.swift; sourceTree = "<group>"; };
		200000000000000000000012 /* ExpenseListViewModelTests.swift */ = {isa = PBXFileReference; lastKnownFileType = sourcecode.swift; path = ExpenseListViewModelTests.swift; sourceTree = "<group>"; };
		200000000000000000000013 /* DashboardViewModelTests.swift */ = {isa = PBXFileReference; lastKnownFileType = sourcecode.swift; path = DashboardViewModelTests.swift; sourceTree = "<group>"; };
		200000000000000000000014 /* IncomeFormViewModelTests.swift */ = {isa = PBXFileReference; lastKnownFileType = sourcecode.swift; path = IncomeFormViewModelTests.swift; sourceTree = "<group>"; };
		200000000000000000000015 /* BudgetViewModelTests.swift */ = {isa = PBXFileReference; lastKnownFileType = sourcecode.swift; path = BudgetViewModelTests.swift; sourceTree = "<group>"; };
		200000000000000000000016 /* RecurringExpenseViewModelTests.swift */ = {isa = PBXFileReference; lastKnownFileType = sourcecode.swift; path = RecurringExpenseViewModelTests.swift; sourceTree = "<group>"; };
		200000000000000000000017 /* RecurringIncomeViewModelTests.swift */ = {isa = PBXFileReference; lastKnownFileType = sourcecode.swift; path = RecurringIncomeViewModelTests.swift; sourceTree = "<group>"; };
		200000000000000000000018 /* SyncReadinessServiceTests.swift */ = {isa = PBXFileReference; lastKnownFileType = sourcecode.swift; path = SyncReadinessServiceTests.swift; sourceTree = "<group>"; };
		200000000000000000000019 /* IncomeListViewModelTests.swift */ = {isa = PBXFileReference; lastKnownFileType = sourcecode.swift; path = IncomeListViewModelTests.swift; sourceTree = "<group>"; };
		20000000000000000000001A /* DataTransferServiceTests.swift */ = {isa = PBXFileReference; lastKnownFileType = sourcecode.swift; path = DataTransferServiceTests.swift; sourceTree = "<group>"; };
		20000000000000000000001B /* AccountViewModelTests.swift */ = {isa = PBXFileReference; lastKnownFileType = sourcecode.swift; path = AccountViewModelTests.swift; sourceTree = "<group>"; };
		20000000000000000000001C /* AccountImpactServiceTests.swift */ = {isa = PBXFileReference; lastKnownFileType = sourcecode.swift; path = AccountImpactServiceTests.swift; sourceTree = "<group>"; };
		20000000000000000000001D /* SwiftDataModelTests.swift */ = {isa = PBXFileReference; lastKnownFileType = sourcecode.swift; path = SwiftDataModelTests.swift; sourceTree = "<group>"; };
		20000000000000000000001E /* AppPersistenceServiceTests.swift */ = {isa = PBXFileReference; lastKnownFileType = sourcecode.swift; path = AppPersistenceServiceTests.swift; sourceTree = "<group>"; };
		20000000000000000000001F /* AdvancedFeaturesViewModelTests.swift */ = {isa = PBXFileReference; lastKnownFileType = sourcecode.swift; path = AdvancedFeaturesViewModelTests.swift; sourceTree = "<group>"; };
		200000000000000000000021 /* ReminderNotificationServiceTests.swift */ = {isa = PBXFileReference; lastKnownFileType = sourcecode.swift; path = ReminderNotificationServiceTests.swift; sourceTree = "<group>"; };
		300000000000000000000010 /* expensesUITests.xctest */ = {isa = PBXFileReference; explicitFileType = wrapper.cfbundle; includeInIndex = 0; path = expensesUITests.xctest; sourceTree = BUILT_PRODUCTS_DIR; };
		300000000000000000000011 /* expensesUITests.swift */ = {isa = PBXFileReference; lastKnownFileType = sourcecode.swift; path = expensesUITests.swift; sourceTree = "<group>"; };
/* End PBXFileReference section */

/* Begin PBXFrameworksBuildPhase section */
		100000000000000000000020 /* Frameworks */ = {
			isa = PBXFrameworksBuildPhase;
			buildActionMask = 2147483647;
			files = (
			);
			runOnlyForDeploymentPostprocessing = 0;
		};
		200000000000000000000020 /* Frameworks */ = {
			isa = PBXFrameworksBuildPhase;
			buildActionMask = 2147483647;
			files = (
			);
			runOnlyForDeploymentPostprocessing = 0;
		};
		300000000000000000000020 /* Frameworks */ = {
			isa = PBXFrameworksBuildPhase;
			buildActionMask = 2147483647;
			files = (
			);
			runOnlyForDeploymentPostprocessing = 0;
		};
/* End PBXFrameworksBuildPhase section */

/* Begin PBXGroup section */
		100000000000000000000030 = {
			isa = PBXGroup;
			children = (
				100000000000000000000031 /* App */,
				100000000000000000000032 /* Models */,
				100000000000000000000035 /* ViewModels */,
				100000000000000000000036 /* Services */,
				100000000000000000000033 /* Views */,
				200000000000000000000030 /* Tests */,
				300000000000000000000030 /* UITests */,
				100000000000000000000034 /* Products */,
			);
			sourceTree = "<group>";
		};
		100000000000000000000031 /* App */ = {
			isa = PBXGroup;
			children = (
				100000000000000000000011 /* expensesApp.swift */,
			);
			path = App;
			sourceTree = "<group>";
		};
		100000000000000000000032 /* Models */ = {
			isa = PBXGroup;
			children = (
				100000000000000000000012 /* Expense.swift */,
				1000000000000000000000B6 /* Income.swift */,
				1000000000000000000000B1 /* Currency.swift */,
				1000000000000000000000B2 /* ExchangeRate.swift */,
				1000000000000000000000BC /* Budget.swift */,
				1000000000000000000000D0 /* RecurringExpense.swift */,
				1000000000000000000000D3 /* RecurringIncome.swift */,
				1000000000000000000000DA /* Account.swift */,
				1000000000000000000000DF /* SavingsGoal.swift */,
				1000000000000000000000E0 /* DailyReminderSettings.swift */,
				1000000000000000000000E8 /* AppSchema.swift */,
			);
			path = Models;
			sourceTree = "<group>";
		};
		100000000000000000000033 /* Views */ = {
			isa = PBXGroup;
			children = (
				100000000000000000000013 /* DashboardView.swift */,
				1000000000000000000000BF /* DesignSystem.swift */,
				100000000000000000000014 /* ExpenseListView.swift */,
				100000000000000000000015 /* AddExpenseView.swift */,
				100000000000000000000016 /* EditExpenseView.swift */,
				1000000000000000000000BB /* IncomeListView.swift */,
				1000000000000000000000B9 /* AddIncomeView.swift */,
				1000000000000000000000BA /* EditIncomeView.swift */,
				1000000000000000000000B5 /* CurrencySettingsView.swift */,
				1000000000000000000000BE /* BudgetListView.swift */,
				1000000000000000000000D2 /* RecurringExpenseListView.swift */,
				1000000000000000000000D5 /* RecurringIncomeListView.swift */,
				1000000000000000000000DC /* NetWorthView.swift */,
				1000000000000000000000E2 /* AdvancedFeaturesView.swift */,
				1000000000000000000000D7 /* SyncSettingsView.swift */,
				1000000000000000000000D9 /* DataManagementView.swift */,
			);
			path = Views;
			sourceTree = "<group>";
		};
		100000000000000000000034 /* Products */ = {
			isa = PBXGroup;
			children = (
				100000000000000000000010 /* expenses.app */,
				200000000000000000000010 /* expensesTests.xctest */,
				300000000000000000000010 /* expensesUITests.xctest */,
			);
			name = Products;
			sourceTree = "<group>";
		};
		100000000000000000000035 /* ViewModels */ = {
			isa = PBXGroup;
			children = (
				100000000000000000000017 /* ExpenseFormViewModel.swift */,
				100000000000000000000018 /* ExpenseListViewModel.swift */,
				100000000000000000000019 /* DashboardViewModel.swift */,
				1000000000000000000000B7 /* IncomeFormViewModel.swift */,
				1000000000000000000000B8 /* IncomeListViewModel.swift */,
				1000000000000000000000B3 /* CurrencyViewModel.swift */,
				1000000000000000000000B4 /* ExchangeRateViewModel.swift */,
				1000000000000000000000BD /* BudgetViewModel.swift */,
				1000000000000000000000D1 /* RecurringExpenseViewModel.swift */,
				1000000000000000000000D4 /* RecurringIncomeViewModel.swift */,
				1000000000000000000000DB /* AccountViewModel.swift */,
				1000000000000000000000E1 /* AdvancedFeaturesViewModel.swift */,
			);
			path = ViewModels;
			sourceTree = "<group>";
		};
		100000000000000000000036 /* Services */ = {
			isa = PBXGroup;
			children = (
				1000000000000000000000D6 /* SyncReadinessService.swift */,
				1000000000000000000000D8 /* DataTransferService.swift */,
				1000000000000000000000DD /* AccountImpactService.swift */,
				1000000000000000000000DE /* AppPersistenceService.swift */,
				1000000000000000000000E9 /* ReminderNotificationService.swift */,
			);
			path = Services;
			sourceTree = "<group>";
		};
		200000000000000000000030 /* Tests */ = {
			isa = PBXGroup;
			children = (
				200000000000000000000011 /* ExpenseFormViewModelTests.swift */,
				200000000000000000000012 /* ExpenseListViewModelTests.swift */,
				200000000000000000000013 /* DashboardViewModelTests.swift */,
				200000000000000000000014 /* IncomeFormViewModelTests.swift */,
				200000000000000000000015 /* BudgetViewModelTests.swift */,
				200000000000000000000016 /* RecurringExpenseViewModelTests.swift */,
				200000000000000000000017 /* RecurringIncomeViewModelTests.swift */,
				200000000000000000000018 /* SyncReadinessServiceTests.swift */,
				200000000000000000000019 /* IncomeListViewModelTests.swift */,
				20000000000000000000001A /* DataTransferServiceTests.swift */,
				20000000000000000000001B /* AccountViewModelTests.swift */,
				20000000000000000000001C /* AccountImpactServiceTests.swift */,
				20000000000000000000001D /* SwiftDataModelTests.swift */,
				20000000000000000000001E /* AppPersistenceServiceTests.swift */,
				20000000000000000000001F /* AdvancedFeaturesViewModelTests.swift */,
				200000000000000000000021 /* ReminderNotificationServiceTests.swift */,
			);
			path = Tests;
			sourceTree = "<group>";
		};
		300000000000000000000030 /* UITests */ = {
			isa = PBXGroup;
			children = (
				300000000000000000000011 /* expensesUITests.swift */,
			);
			path = UITests;
			sourceTree = "<group>";
		};
/* End PBXGroup section */

/* Begin PBXNativeTarget section */
		100000000000000000000040 /* expenses */ = {
			isa = PBXNativeTarget;
			buildConfigurationList = 100000000000000000000041 /* Build configuration list for PBXNativeTarget "expenses" */;
			buildPhases = (
				100000000000000000000050 /* Sources */,
				100000000000000000000020 /* Frameworks */,
				100000000000000000000060 /* Resources */,
			);
			buildRules = (
			);
			dependencies = (
			);
			name = expenses;
			productName = expenses;
			productReference = 100000000000000000000010 /* expenses.app */;
			productType = "com.apple.product-type.application";
		};
		200000000000000000000040 /* expensesTests */ = {
			isa = PBXNativeTarget;
			buildConfigurationList = 200000000000000000000041 /* Build configuration list for PBXNativeTarget "expensesTests" */;
			buildPhases = (
				200000000000000000000050 /* Sources */,
				200000000000000000000020 /* Frameworks */,
				200000000000000000000060 /* Resources */,
			);
			buildRules = (
			);
			dependencies = (
				200000000000000000000071 /* PBXTargetDependency */,
			);
			name = expensesTests;
			productName = expensesTests;
			productReference = 200000000000000000000010 /* expensesTests.xctest */;
			productType = "com.apple.product-type.bundle.unit-test";
		};
		300000000000000000000040 /* expensesUITests */ = {
			isa = PBXNativeTarget;
			buildConfigurationList = 300000000000000000000041 /* Build configuration list for PBXNativeTarget "expensesUITests" */;
			buildPhases = (
				300000000000000000000050 /* Sources */,
				300000000000000000000020 /* Frameworks */,
				300000000000000000000060 /* Resources */,
			);
			buildRules = (
			);
			dependencies = (
				300000000000000000000071 /* PBXTargetDependency */,
			);
			name = expensesUITests;
			productName = expensesUITests;
			productReference = 300000000000000000000010 /* expensesUITests.xctest */;
			productType = "com.apple.product-type.bundle.ui-testing";
		};
/* End PBXNativeTarget section */

/* Begin PBXProject section */
		100000000000000000000070 /* Project object */ = {
			isa = PBXProject;
			attributes = {
				BuildIndependentTargetsInParallel = 1;
				LastSwiftUpdateCheck = 2605;
				LastUpgradeCheck = 2650;
				TargetAttributes = {
					100000000000000000000040 = {
						CreatedOnToolsVersion = 26.5;
					};
					200000000000000000000040 = {
						CreatedOnToolsVersion = 26.5;
						TestTargetID = 100000000000000000000040;
					};
					300000000000000000000040 = {
						CreatedOnToolsVersion = 26.5;
						TestTargetID = 100000000000000000000040;
					};
				};
			};
			buildConfigurationList = 100000000000000000000071 /* Build configuration list for PBXProject "expenses" */;
			developmentRegion = es;
			hasScannedForEncodings = 0;
			knownRegions = (
				en,
				es,
				Base,
			);
			mainGroup = 100000000000000000000030;
			minimizedProjectReferenceProxies = 1;
			preferredProjectObjectVersion = 77;
			productRefGroup = 100000000000000000000034 /* Products */;
			projectDirPath = "";
			projectRoot = "";
			targets = (
				100000000000000000000040 /* expenses */,
				200000000000000000000040 /* expensesTests */,
				300000000000000000000040 /* expensesUITests */,
			);
		};
/* End PBXProject section */

/* Begin PBXResourcesBuildPhase section */
		100000000000000000000060 /* Resources */ = {
			isa = PBXResourcesBuildPhase;
			buildActionMask = 2147483647;
			files = (
			);
			runOnlyForDeploymentPostprocessing = 0;
		};
		200000000000000000000060 /* Resources */ = {
			isa = PBXResourcesBuildPhase;
			buildActionMask = 2147483647;
			files = (
			);
			runOnlyForDeploymentPostprocessing = 0;
		};
		300000000000000000000060 /* Resources */ = {
			isa = PBXResourcesBuildPhase;
			buildActionMask = 2147483647;
			files = (
			);
			runOnlyForDeploymentPostprocessing = 0;
		};
/* End PBXResourcesBuildPhase section */

/* Begin PBXSourcesBuildPhase section */
		100000000000000000000050 /* Sources */ = {
			isa = PBXSourcesBuildPhase;
			buildActionMask = 2147483647;
			files = (
				100000000000000000000001 /* expensesApp.swift in Sources */,
				100000000000000000000002 /* Expense.swift in Sources */,
				100000000000000000000003 /* DashboardView.swift in Sources */,
				100000000000000000000004 /* ExpenseListView.swift in Sources */,
				100000000000000000000005 /* AddExpenseView.swift in Sources */,
				100000000000000000000006 /* EditExpenseView.swift in Sources */,
				100000000000000000000007 /* ExpenseFormViewModel.swift in Sources */,
				100000000000000000000008 /* ExpenseListViewModel.swift in Sources */,
				100000000000000000000009 /* DashboardViewModel.swift in Sources */,
				1000000000000000000000A1 /* Currency.swift in Sources */,
				1000000000000000000000A2 /* ExchangeRate.swift in Sources */,
				1000000000000000000000A3 /* CurrencyViewModel.swift in Sources */,
				1000000000000000000000A4 /* ExchangeRateViewModel.swift in Sources */,
				1000000000000000000000A5 /* CurrencySettingsView.swift in Sources */,
				1000000000000000000000A6 /* Income.swift in Sources */,
				1000000000000000000000A7 /* IncomeFormViewModel.swift in Sources */,
				1000000000000000000000A8 /* IncomeListViewModel.swift in Sources */,
				1000000000000000000000A9 /* AddIncomeView.swift in Sources */,
				1000000000000000000000AA /* EditIncomeView.swift in Sources */,
				1000000000000000000000AB /* IncomeListView.swift in Sources */,
				1000000000000000000000AC /* Budget.swift in Sources */,
				1000000000000000000000AD /* BudgetViewModel.swift in Sources */,
				1000000000000000000000AE /* BudgetListView.swift in Sources */,
				1000000000000000000000AF /* DesignSystem.swift in Sources */,
				1000000000000000000000C0 /* RecurringExpense.swift in Sources */,
				1000000000000000000000C1 /* RecurringExpenseViewModel.swift in Sources */,
				1000000000000000000000C2 /* RecurringExpenseListView.swift in Sources */,
				1000000000000000000000C3 /* RecurringIncome.swift in Sources */,
				1000000000000000000000C4 /* RecurringIncomeViewModel.swift in Sources */,
				1000000000000000000000C5 /* RecurringIncomeListView.swift in Sources */,
				1000000000000000000000C6 /* SyncReadinessService.swift in Sources */,
				1000000000000000000000C7 /* SyncSettingsView.swift in Sources */,
				1000000000000000000000C8 /* DataTransferService.swift in Sources */,
				1000000000000000000000C9 /* DataManagementView.swift in Sources */,
				1000000000000000000000CA /* Account.swift in Sources */,
				1000000000000000000000CB /* AccountViewModel.swift in Sources */,
				1000000000000000000000CC /* NetWorthView.swift in Sources */,
				1000000000000000000000CD /* AccountImpactService.swift in Sources */,
				1000000000000000000000CE /* AppPersistenceService.swift in Sources */,
				1000000000000000000000CF /* SavingsGoal.swift in Sources */,
				1000000000000000000000E4 /* DailyReminderSettings.swift in Sources */,
				1000000000000000000000E5 /* AdvancedFeaturesViewModel.swift in Sources */,
				1000000000000000000000E3 /* AdvancedFeaturesView.swift in Sources */,
				1000000000000000000000E6 /* AppSchema.swift in Sources */,
				1000000000000000000000E7 /* ReminderNotificationService.swift in Sources */,
			);
			runOnlyForDeploymentPostprocessing = 0;
		};
		200000000000000000000050 /* Sources */ = {
			isa = PBXSourcesBuildPhase;
			buildActionMask = 2147483647;
			files = (
				200000000000000000000001 /* ExpenseFormViewModelTests.swift in Sources */,
				200000000000000000000002 /* ExpenseListViewModelTests.swift in Sources */,
				200000000000000000000003 /* DashboardViewModelTests.swift in Sources */,
				200000000000000000000004 /* IncomeFormViewModelTests.swift in Sources */,
				200000000000000000000005 /* BudgetViewModelTests.swift in Sources */,
				200000000000000000000006 /* RecurringExpenseViewModelTests.swift in Sources */,
				200000000000000000000007 /* RecurringIncomeViewModelTests.swift in Sources */,
				200000000000000000000008 /* SyncReadinessServiceTests.swift in Sources */,
				200000000000000000000009 /* IncomeListViewModelTests.swift in Sources */,
				20000000000000000000000A /* DataTransferServiceTests.swift in Sources */,
				20000000000000000000000B /* AccountViewModelTests.swift in Sources */,
				20000000000000000000000C /* AccountImpactServiceTests.swift in Sources */,
				20000000000000000000000D /* SwiftDataModelTests.swift in Sources */,
				20000000000000000000000E /* AppPersistenceServiceTests.swift in Sources */,
				20000000000000000000000F /* AdvancedFeaturesViewModelTests.swift in Sources */,
				200000000000000000000022 /* ReminderNotificationServiceTests.swift in Sources */,
			);
			runOnlyForDeploymentPostprocessing = 0;
		};
		300000000000000000000050 /* Sources */ = {
			isa = PBXSourcesBuildPhase;
			buildActionMask = 2147483647;
			files = (
				300000000000000000000001 /* expensesUITests.swift in Sources */,
			);
			runOnlyForDeploymentPostprocessing = 0;
		};
/* End PBXSourcesBuildPhase section */

/* Begin PBXTargetDependency section */
		200000000000000000000071 /* PBXTargetDependency */ = {
			isa = PBXTargetDependency;
			target = 100000000000000000000040 /* expenses */;
			targetProxy = 200000000000000000000070 /* PBXContainerItemProxy */;
		};
		300000000000000000000071 /* PBXTargetDependency */ = {
			isa = PBXTargetDependency;
			target = 100000000000000000000040 /* expenses */;
			targetProxy = 300000000000000000000070 /* PBXContainerItemProxy */;
		};
/* End PBXTargetDependency section */

/* Begin XCBuildConfiguration section */
		100000000000000000000080 /* Debug */ = {
			isa = XCBuildConfiguration;
			buildSettings = {
				ALWAYS_SEARCH_USER_PATHS = NO;
				CLANG_ANALYZER_LOCALIZABILITY_NONLOCALIZED = YES;
				CLANG_ANALYZER_NONNULL = YES;
				CLANG_ANALYZER_NUMBER_OBJECT_CONVERSION = YES_AGGRESSIVE;
				CLANG_CXX_LANGUAGE_STANDARD = "gnu++20";
				CLANG_ENABLE_MODULES = YES;
				CLANG_ENABLE_OBJC_ARC = YES;
				CLANG_ENABLE_OBJC_WEAK = YES;
				CLANG_WARN_BLOCK_CAPTURE_AUTORELEASING = YES;
				CLANG_WARN_BOOL_CONVERSION = YES;
				CLANG_WARN_COMMA = YES;
				CLANG_WARN_CONSTANT_CONVERSION = YES;
				CLANG_WARN_DEPRECATED_OBJC_IMPLEMENTATIONS = YES;
				CLANG_WARN_DIRECT_OBJC_ISA_USAGE = YES_ERROR;
				CLANG_WARN_DOCUMENTATION_COMMENTS = YES;
				CLANG_WARN_EMPTY_BODY = YES;
				CLANG_WARN_ENUM_CONVERSION = YES;
				CLANG_WARN_INFINITE_RECURSION = YES;
				CLANG_WARN_INT_CONVERSION = YES;
				CLANG_WARN_NON_LITERAL_NULL_CONVERSION = YES;
				CLANG_WARN_OBJC_IMPLICIT_RETAIN_SELF = YES;
				CLANG_WARN_OBJC_LITERAL_CONVERSION = YES;
				CLANG_WARN_OBJC_ROOT_CLASS = YES_ERROR;
				CLANG_WARN_QUOTED_INCLUDE_IN_FRAMEWORK_HEADER = YES;
				CLANG_WARN_RANGE_LOOP_ANALYSIS = YES;
				CLANG_WARN_STRICT_PROTOTYPES = YES;
				CLANG_WARN_SUSPICIOUS_MOVE = YES;
				CLANG_WARN_UNGUARDED_AVAILABILITY = YES_AGGRESSIVE;
				CLANG_WARN_UNREACHABLE_CODE = YES;
				CLANG_WARN__DUPLICATE_METHOD_MATCH = YES;
				COPY_PHASE_STRIP = NO;
				DEAD_CODE_STRIPPING = YES;
				DEBUG_INFORMATION_FORMAT = dwarf;
				ENABLE_STRICT_OBJC_MSGSEND = YES;
				ENABLE_TESTABILITY = YES;
				ENABLE_USER_SCRIPT_SANDBOXING = YES;
				GCC_C_LANGUAGE_STANDARD = gnu17;
				GCC_DYNAMIC_NO_PIC = NO;
				GCC_NO_COMMON_BLOCKS = YES;
				GCC_OPTIMIZATION_LEVEL = 0;
				GCC_PREPROCESSOR_DEFINITIONS = (
					"DEBUG=1",
					"$(inherited)",
				);
				GCC_WARN_64_TO_32_BIT_CONVERSION = YES;
				GCC_WARN_ABOUT_RETURN_TYPE = YES_ERROR;
				GCC_WARN_UNDECLARED_SELECTOR = YES;
				GCC_WARN_UNINITIALIZED_AUTOS = YES_AGGRESSIVE;
				GCC_WARN_UNUSED_FUNCTION = YES;
				GCC_WARN_UNUSED_VARIABLE = YES;
				MACOSX_DEPLOYMENT_TARGET = 14.0;
				MTL_ENABLE_DEBUG_INFO = INCLUDE_SOURCE;
				MTL_FAST_MATH = YES;
				ONLY_ACTIVE_ARCH = YES;
				SDKROOT = macosx;
				STRING_CATALOG_GENERATE_SYMBOLS = YES;
				SWIFT_ACTIVE_COMPILATION_CONDITIONS = DEBUG;
				SWIFT_OPTIMIZATION_LEVEL = "-Onone";
			};
			name = Debug;
		};
		100000000000000000000081 /* Release */ = {
			isa = XCBuildConfiguration;
			buildSettings = {
				ALWAYS_SEARCH_USER_PATHS = NO;
				CLANG_ANALYZER_LOCALIZABILITY_NONLOCALIZED = YES;
				CLANG_ANALYZER_NONNULL = YES;
				CLANG_ANALYZER_NUMBER_OBJECT_CONVERSION = YES_AGGRESSIVE;
				CLANG_CXX_LANGUAGE_STANDARD = "gnu++20";
				CLANG_ENABLE_MODULES = YES;
				CLANG_ENABLE_OBJC_ARC = YES;
				CLANG_ENABLE_OBJC_WEAK = YES;
				CLANG_WARN_BLOCK_CAPTURE_AUTORELEASING = YES;
				CLANG_WARN_BOOL_CONVERSION = YES;
				CLANG_WARN_COMMA = YES;
				CLANG_WARN_CONSTANT_CONVERSION = YES;
				CLANG_WARN_DEPRECATED_OBJC_IMPLEMENTATIONS = YES;
				CLANG_WARN_DIRECT_OBJC_ISA_USAGE = YES_ERROR;
				CLANG_WARN_DOCUMENTATION_COMMENTS = YES;
				CLANG_WARN_EMPTY_BODY = YES;
				CLANG_WARN_ENUM_CONVERSION = YES;
				CLANG_WARN_INFINITE_RECURSION = YES;
				CLANG_WARN_INT_CONVERSION = YES;
				CLANG_WARN_NON_LITERAL_NULL_CONVERSION = YES;
				CLANG_WARN_OBJC_IMPLICIT_RETAIN_SELF = YES;
				CLANG_WARN_OBJC_LITERAL_CONVERSION = YES;
				CLANG_WARN_OBJC_ROOT_CLASS = YES_ERROR;
				CLANG_WARN_QUOTED_INCLUDE_IN_FRAMEWORK_HEADER = YES;
				CLANG_WARN_RANGE_LOOP_ANALYSIS = YES;
				CLANG_WARN_STRICT_PROTOTYPES = YES;
				CLANG_WARN_SUSPICIOUS_MOVE = YES;
				CLANG_WARN_UNGUARDED_AVAILABILITY = YES_AGGRESSIVE;
				CLANG_WARN_UNREACHABLE_CODE = YES;
				CLANG_WARN__DUPLICATE_METHOD_MATCH = YES;
				COPY_PHASE_STRIP = NO;
				DEAD_CODE_STRIPPING = YES;
				DEBUG_INFORMATION_FORMAT = "dwarf-with-dsym";
				ENABLE_NS_ASSERTIONS = NO;
				ENABLE_STRICT_OBJC_MSGSEND = YES;
				ENABLE_USER_SCRIPT_SANDBOXING = YES;
				GCC_C_LANGUAGE_STANDARD = gnu17;
				GCC_NO_COMMON_BLOCKS = YES;
				GCC_WARN_64_TO_32_BIT_CONVERSION = YES;
				GCC_WARN_ABOUT_RETURN_TYPE = YES_ERROR;
				GCC_WARN_UNDECLARED_SELECTOR = YES;
				GCC_WARN_UNINITIALIZED_AUTOS = YES_AGGRESSIVE;
				GCC_WARN_UNUSED_FUNCTION = YES;
				GCC_WARN_UNUSED_VARIABLE = YES;
				MACOSX_DEPLOYMENT_TARGET = 14.0;
				MTL_ENABLE_DEBUG_INFO = NO;
				MTL_FAST_MATH = YES;
				SDKROOT = macosx;
				STRING_CATALOG_GENERATE_SYMBOLS = YES;
				SWIFT_COMPILATION_MODE = wholemodule;
				VALIDATE_PRODUCT = YES;
			};
			name = Release;
		};
		100000000000000000000082 /* Debug */ = {
			isa = XCBuildConfiguration;
			buildSettings = {
				ASSETCATALOG_COMPILER_APPICON_NAME = AppIcon;
				CODE_SIGN_STYLE = Automatic;
				COMBINE_HIDPI_IMAGES = YES;
				CURRENT_PROJECT_VERSION = 1;
				DEAD_CODE_STRIPPING = YES;
				DEVELOPMENT_TEAM = "";
				ENABLE_PREVIEWS = YES;
				EXPENSES_CLOUDKIT_CONTAINER_IDENTIFIER = "";
				EXPENSES_CLOUDKIT_ENABLED = NO;
				GENERATE_INFOPLIST_FILE = YES;
				INFOPLIST_KEY_EXPENSESCloudKitContainerIdentifier = "$(EXPENSES_CLOUDKIT_CONTAINER_IDENTIFIER)";
				INFOPLIST_KEY_EXPENSESCloudKitEnabled = "$(EXPENSES_CLOUDKIT_ENABLED)";
				INFOPLIST_KEY_EXPENSESDevelopmentTeam = "$(DEVELOPMENT_TEAM)";
				INFOPLIST_KEY_CFBundleDisplayName = expenses;
				INFOPLIST_KEY_LSApplicationCategoryType = "public.app-category.finance";
				INFOPLIST_KEY_NSPrincipalClass = NSApplication;
				LD_RUNPATH_SEARCH_PATHS = (
					"$(inherited)",
					"@executable_path/../Frameworks",
				);
				MACOSX_DEPLOYMENT_TARGET = 14.0;
				MARKETING_VERSION = 1.0;
				PRODUCT_BUNDLE_IDENTIFIER = com.local.expenses;
				PRODUCT_NAME = "$(TARGET_NAME)";
				SWIFT_EMIT_LOC_STRINGS = YES;
				SWIFT_VERSION = 6.0;
			};
			name = Debug;
		};
		100000000000000000000083 /* Release */ = {
			isa = XCBuildConfiguration;
			buildSettings = {
				ASSETCATALOG_COMPILER_APPICON_NAME = AppIcon;
				CODE_SIGN_STYLE = Automatic;
				COMBINE_HIDPI_IMAGES = YES;
				CURRENT_PROJECT_VERSION = 1;
				DEAD_CODE_STRIPPING = YES;
				DEVELOPMENT_TEAM = "";
				ENABLE_PREVIEWS = YES;
				EXPENSES_CLOUDKIT_CONTAINER_IDENTIFIER = "";
				EXPENSES_CLOUDKIT_ENABLED = NO;
				GENERATE_INFOPLIST_FILE = YES;
				INFOPLIST_KEY_EXPENSESCloudKitContainerIdentifier = "$(EXPENSES_CLOUDKIT_CONTAINER_IDENTIFIER)";
				INFOPLIST_KEY_EXPENSESCloudKitEnabled = "$(EXPENSES_CLOUDKIT_ENABLED)";
				INFOPLIST_KEY_EXPENSESDevelopmentTeam = "$(DEVELOPMENT_TEAM)";
				INFOPLIST_KEY_CFBundleDisplayName = expenses;
				INFOPLIST_KEY_LSApplicationCategoryType = "public.app-category.finance";
				INFOPLIST_KEY_NSPrincipalClass = NSApplication;
				LD_RUNPATH_SEARCH_PATHS = (
					"$(inherited)",
					"@executable_path/../Frameworks",
				);
				MACOSX_DEPLOYMENT_TARGET = 14.0;
				MARKETING_VERSION = 1.0;
				PRODUCT_BUNDLE_IDENTIFIER = com.local.expenses;
				PRODUCT_NAME = "$(TARGET_NAME)";
				SWIFT_EMIT_LOC_STRINGS = YES;
				SWIFT_VERSION = 6.0;
			};
			name = Release;
		};
		200000000000000000000082 /* Debug */ = {
			isa = XCBuildConfiguration;
			buildSettings = {
				BUNDLE_LOADER = "$(TEST_HOST)";
				CODE_SIGN_STYLE = Automatic;
				CURRENT_PROJECT_VERSION = 1;
				DEAD_CODE_STRIPPING = YES;
				GENERATE_INFOPLIST_FILE = YES;
				LD_RUNPATH_SEARCH_PATHS = (
					"$(inherited)",
					"@loader_path/../Frameworks",
					"@executable_path/../Frameworks",
				);
				MACOSX_DEPLOYMENT_TARGET = 14.0;
				MARKETING_VERSION = 1.0;
				PRODUCT_BUNDLE_IDENTIFIER = com.local.expensesTests;
				PRODUCT_NAME = "$(TARGET_NAME)";
				SWIFT_EMIT_LOC_STRINGS = NO;
				SWIFT_VERSION = 6.0;
				TEST_HOST = "$(BUILT_PRODUCTS_DIR)/expenses.app/Contents/MacOS/expenses";
				TEST_TARGET_NAME = expenses;
			};
			name = Debug;
		};
		200000000000000000000083 /* Release */ = {
			isa = XCBuildConfiguration;
			buildSettings = {
				BUNDLE_LOADER = "$(TEST_HOST)";
				CODE_SIGN_STYLE = Automatic;
				CURRENT_PROJECT_VERSION = 1;
				DEAD_CODE_STRIPPING = YES;
				GENERATE_INFOPLIST_FILE = YES;
				LD_RUNPATH_SEARCH_PATHS = (
					"$(inherited)",
					"@loader_path/../Frameworks",
					"@executable_path/../Frameworks",
				);
				MACOSX_DEPLOYMENT_TARGET = 14.0;
				MARKETING_VERSION = 1.0;
				PRODUCT_BUNDLE_IDENTIFIER = com.local.expensesTests;
				PRODUCT_NAME = "$(TARGET_NAME)";
				SWIFT_EMIT_LOC_STRINGS = NO;
				SWIFT_VERSION = 6.0;
				TEST_HOST = "$(BUILT_PRODUCTS_DIR)/expenses.app/Contents/MacOS/expenses";
				TEST_TARGET_NAME = expenses;
			};
			name = Release;
		};
		300000000000000000000082 /* Debug */ = {
			isa = XCBuildConfiguration;
			buildSettings = {
				CODE_SIGN_STYLE = Automatic;
				CURRENT_PROJECT_VERSION = 1;
				GENERATE_INFOPLIST_FILE = YES;
				LD_RUNPATH_SEARCH_PATHS = (
					"$(inherited)",
					"@loader_path/../Frameworks",
					"@executable_path/../Frameworks",
				);
				MACOSX_DEPLOYMENT_TARGET = 14.0;
				MARKETING_VERSION = 1.0;
				PRODUCT_BUNDLE_IDENTIFIER = com.local.expensesUITests;
				PRODUCT_NAME = "$(TARGET_NAME)";
				SWIFT_EMIT_LOC_STRINGS = NO;
				SWIFT_VERSION = 6.0;
				TEST_TARGET_NAME = expenses;
			};
			name = Debug;
		};
		300000000000000000000083 /* Release */ = {
			isa = XCBuildConfiguration;
			buildSettings = {
				CODE_SIGN_STYLE = Automatic;
				CURRENT_PROJECT_VERSION = 1;
				GENERATE_INFOPLIST_FILE = YES;
				LD_RUNPATH_SEARCH_PATHS = (
					"$(inherited)",
					"@loader_path/../Frameworks",
					"@executable_path/../Frameworks",
				);
				MACOSX_DEPLOYMENT_TARGET = 14.0;
				MARKETING_VERSION = 1.0;
				PRODUCT_BUNDLE_IDENTIFIER = com.local.expensesUITests;
				PRODUCT_NAME = "$(TARGET_NAME)";
				SWIFT_EMIT_LOC_STRINGS = NO;
				SWIFT_VERSION = 6.0;
				TEST_TARGET_NAME = expenses;
			};
			name = Release;
		};
/* End XCBuildConfiguration section */

/* Begin XCConfigurationList section */
		100000000000000000000041 /* Build configuration list for PBXNativeTarget "expenses" */ = {
			isa = XCConfigurationList;
			buildConfigurations = (
				100000000000000000000082 /* Debug */,
				100000000000000000000083 /* Release */,
			);
			defaultConfigurationIsVisible = 0;
			defaultConfigurationName = Release;
		};
		100000000000000000000071 /* Build configuration list for PBXProject "expenses" */ = {
			isa = XCConfigurationList;
			buildConfigurations = (
				100000000000000000000080 /* Debug */,
				100000000000000000000081 /* Release */,
			);
			defaultConfigurationIsVisible = 0;
			defaultConfigurationName = Release;
		};
		200000000000000000000041 /* Build configuration list for PBXNativeTarget "expensesTests" */ = {
			isa = XCConfigurationList;
			buildConfigurations = (
				200000000000000000000082 /* Debug */,
				200000000000000000000083 /* Release */,
			);
			defaultConfigurationIsVisible = 0;
			defaultConfigurationName = Release;
		};
		300000000000000000000041 /* Build configuration list for PBXNativeTarget "expensesUITests" */ = {
			isa = XCConfigurationList;
			buildConfigurations = (
				300000000000000000000082 /* Debug */,
				300000000000000000000083 /* Release */,
			);
			defaultConfigurationIsVisible = 0;
			defaultConfigurationName = Release;
		};
/* End XCConfigurationList section */
	};
	rootObject = 100000000000000000000070 /* Project object */;
}
